[{<<"ssl_verify_hostname">>,
  {git,"https://github.com/benoitc/ssl_verify_hostname",
       {ref,"640527bfabe656f9522a1116499e0de024084603"}},
  1},
 {<<"idna">>,
  {git,"https://github.com/benoitc/erlang-idna",
       {ref,"c80afc2c3120010fd22287a3b2ef2bbbde57ff40"}},
  1},
 {<<"jsx">>,
  {git,"https://github.com/talentdeficit/jsx.git",
       {ref,"56880ce51976693b82c6f56bb877d166d9403d31"}},
  0},
 {<<"hackney">>,
  {git,"https://github.com/benoitc/hackney.git",
       {ref,"e7d6be512b08e81dce94e9776f905c23ec0967da"}},
  0}].
